
Microsoft Visual Studio Solution File, Format Version 12.00
# Visual Studio 14
VisualStudioVersion = 14.0.24720.0
MinimumVisualStudioVersion = 10.0.40219.1
Project("{FAE04EC0-301F-11D3-BF4B-00C04F79EFBC}") = "TnCouchbaseClient", "TnCouchbaseClient\TnCouchbaseClient.csproj", "{BBDCD0CD-1B84-4DB3-8B84-F9AF9602EDB8}"
EndProject
Project("{FAE04EC0-301F-11D3-BF4B-00C04F79EFBC}") = "TnCouchbaseClient.Test", "TnCouchbaseClient.Test\TnCouchbaseClient.Test.csproj", "{9FF06514-D2A1-4EBF-933D-F2F57B7B702A}"
EndProject
Global
	GlobalSection(SolutionConfigurationPlatforms) = preSolution
		Debug|Any CPU = Debug|Any CPU
		Release|Any CPU = Release|Any CPU
	EndGlobalSection
	GlobalSection(ProjectConfigurationPlatforms) = postSolution
		{BBDCD0CD-1B84-4DB3-8B84-F9AF9602EDB8}.Debug|Any CPU.ActiveCfg = Debug|Any CPU
		{BBDCD0CD-1B84-4DB3-8B84-F9AF9602EDB8}.Debug|Any CPU.Build.0 = Debug|Any CPU
		{BBDCD0CD-1B84-4DB3-8B84-F9AF9602EDB8}.Release|Any CPU.ActiveCfg = Release|Any CPU
		{BBDCD0CD-1B84-4DB3-8B84-F9AF9602EDB8}.Release|Any CPU.Build.0 = Release|Any CPU
		{9FF06514-D2A1-4EBF-933D-F2F57B7B702A}.Debug|Any CPU.ActiveCfg = Debug|Any CPU
		{9FF06514-D2A1-4EBF-933D-F2F57B7B702A}.Debug|Any CPU.Build.0 = Debug|Any CPU
		{9FF06514-D2A1-4EBF-933D-F2F57B7B702A}.Release|Any CPU.ActiveCfg = Release|Any CPU
		{9FF06514-D2A1-4EBF-933D-F2F57B7B702A}.Release|Any CPU.Build.0 = Release|Any CPU
	EndGlobalSection
	GlobalSection(SolutionProperties) = preSolution
		HideSolutionNode = FALSE
	EndGlobalSection
EndGlobal
